// !$*UTF8*$!
{
	archiveVersion = 1;
	classes = {
	};
	objectVersion = 55;
	objects = {

/* Begin PBXBuildFile section */
		617B54B2296C000B00E428DA /* MainView.swift in Sources */ = {isa = PBXBuildFile; fileRef = 617B54B1296C000B00E428DA /* MainView.swift */; };
		617B54B5296C009A00E428DA /* UIView+Extensions.swift in Sources */ = {isa = PBXBuildFile; fileRef = 617B54B4296C009A00E428DA /* UIView+Extensions.swift */; };
		617B54B7296C015600E428DA /* UIColor+Extensions.swift in Sources */ = {isa = PBXBuildFile; fileRef = 617B54B6296C015600E428DA /* UIColor+Extensions.swift */; };
		617B54B9296C07DD00E428DA /* MainController.swift in Sources */ = {isa = PBXBuildFile; fileRef = 617B54B8296C07DD00E428DA /* MainController.swift */; };
		617B54BC296C086D00E428DA /* MainPresenter.swift in Sources */ = {isa = PBXBuildFile; fileRef = 617B54BB296C086D00E428DA /* MainPresenter.swift */; };
		617B54BE296C0B5600E428DA /* UserDefaultsManager.swift in Sources */ = {isa = PBXBuildFile; fileRef = 617B54BD296C0B5600E428DA /* UserDefaultsManager.swift */; };
		61BF3BE728BCA3B700B23C1A /* AppDelegate.swift in Sources */ = {isa = PBXBuildFile; fileRef = 61BF3BE628BCA3B700B23C1A /* AppDelegate.swift */; };
		61BF3BE928BCA3B700B23C1A /* SceneDelegate.swift in Sources */ = {isa = PBXBuildFile; fileRef = 61BF3BE828BCA3B700B23C1A /* SceneDelegate.swift */; };
		61BF3BF028BCA3BC00B23C1A /* Assets.xcassets in Resources */ = {isa = PBXBuildFile; fileRef = 61BF3BEF28BCA3BC00B23C1A /* Assets.xcassets */; };
		61BF3C0228BCB3BC00B23C1A /* NetworkManager.swift in Sources */ = {isa = PBXBuildFile; fileRef = 61BF3C0128BCB3BC00B23C1A /* NetworkManager.swift */; };
		61BF3C0428BCBB6200B23C1A /* QuoteModel.swift in Sources */ = {isa = PBXBuildFile; fileRef = 61BF3C0328BCBB6200B23C1A /* QuoteModel.swift */; };
/* End PBXBuildFile section */

/* Begin PBXFileReference section */
		617B54B1296C000B00E428DA /* MainView.swift */ = {isa = PBXFileReference; lastKnownFileType = sourcecode.swift; path = MainView.swift; sourceTree = "<group>"; };
		617B54B4296C009A00E428DA /* UIView+Extensions.swift */ = {isa = PBXFileReference; lastKnownFileType = sourcecode.swift; path = "UIView+Extensions.swift"; sourceTree = "<group>"; };
		617B54B6296C015600E428DA /* UIColor+Extensions.swift */ = {isa = PBXFileReference; lastKnownFileType = sourcecode.swift; path = "UIColor+Extensions.swift"; sourceTree = "<group>"; };
		617B54B8296C07DD00E428DA /* MainController.swift */ = {isa = PBXFileReference; lastKnownFileType = sourcecode.swift; path = MainController.swift; sourceTree = "<group>"; };
		617B54BB296C086D00E428DA /* MainPresenter.swift */ = {isa = PBXFileReference; lastKnownFileType = sourcecode.swift; path = MainPresenter.swift; sourceTree = "<group>"; };
		617B54BD296C0B5600E428DA /* UserDefaultsManager.swift */ = {isa = PBXFileReference; lastKnownFileType = sourcecode.swift; path = UserDefaultsManager.swift; sourceTree = "<group>"; };
		61BF3BE328BCA3B700B23C1A /* YourDailyQuote.app */ = {isa = PBXFileReference; explicitFileType = wrapper.application; includeInIndex = 0; path = YourDailyQuote.app; sourceTree = BUILT_PRODUCTS_DIR; };
		61BF3BE628BCA3B700B23C1A /* AppDelegate.swift */ = {isa = PBXFileReference; lastKnownFileType = sourcecode.swift; path = AppDelegate.swift; sourceTree = "<group>"; };
		61BF3BE828BCA3B700B23C1A /* SceneDelegate.swift */ = {isa = PBXFileReference; lastKnownFileType = sourcecode.swift; path = SceneDelegate.swift; sourceTree = "<group>"; };
		61BF3BEF28BCA3BC00B23C1A /* Assets.xcassets */ = {isa = PBXFileReference; lastKnownFileType = folder.assetcatalog; path = Assets.xcassets; sourceTree = "<group>"; };
		61BF3BF428BCA3BD00B23C1A /* Info.plist */ = {isa = PBXFileReference; lastKnownFileType = text.plist.xml; path = Info.plist; sourceTree = "<group>"; };
		61BF3C0128BCB3BC00B23C1A /* NetworkManager.swift */ = {isa = PBXFileReference; lastKnownFileType = sourcecode.swift; path = NetworkManager.swift; sourceTree = "<group>"; };
		61BF3C0328BCBB6200B23C1A /* QuoteModel.swift */ = {isa = PBXFileReference; lastKnownFileType = sourcecode.swift; path = QuoteModel.swift; sourceTree = "<group>"; };
/* End PBXFileReference section */

/* Begin PBXFrameworksBuildPhase section */
		61BF3BE028BCA3B700B23C1A /* Frameworks */ = {
			isa = PBXFrameworksBuildPhase;
			buildActionMask = 2147483647;
			files = (
			);
			runOnlyForDeploymentPostprocessing = 0;
		};
/* End PBXFrameworksBuildPhase section */

/* Begin PBXGroup section */
		617B54B3296C008A00E428DA /* Helpers */ = {
			isa = PBXGroup;
			children = (
				617B54B4296C009A00E428DA /* UIView+Extensions.swift */,
				617B54B6296C015600E428DA /* UIColor+Extensions.swift */,
			);
			path = Helpers;
			sourceTree = "<group>";
		};
		617B54BA296C085D00E428DA /* Presenter */ = {
			isa = PBXGroup;
			children = (
				617B54BB296C086D00E428DA /* MainPresenter.swift */,
			);
			path = Presenter;
			sourceTree = "<group>";
		};
		61BF3BDA28BCA3B700B23C1A = {
			isa = PBXGroup;
			children = (
				61BF3BE528BCA3B700B23C1A /* YourDailyQuote */,
				61BF3BE428BCA3B700B23C1A /* Products */,
			);
			sourceTree = "<group>";
		};
		61BF3BE428BCA3B700B23C1A /* Products */ = {
			isa = PBXGroup;
			children = (
				61BF3BE328BCA3B700B23C1A /* YourDailyQuote.app */,
			);
			name = Products;
			sourceTree = "<group>";
		};
		61BF3BE528BCA3B700B23C1A /* YourDailyQuote */ = {
			isa = PBXGroup;
			children = (
				61BF3BFC28BCA3E100B23C1A /* Model */,
				61BF3BFB28BCA3DA00B23C1A /* View */,
				61BF3BFA28BCA3D100B23C1A /* Controller */,
				617B54BA296C085D00E428DA /* Presenter */,
				61BF3BFE28BCA40E00B23C1A /* Supporting Files */,
			);
			path = YourDailyQuote;
			sourceTree = "<group>";
		};
		61BF3BFA28BCA3D100B23C1A /* Controller */ = {
			isa = PBXGroup;
			children = (
				617B54B8296C07DD00E428DA /* MainController.swift */,
			);
			path = Controller;
			sourceTree = "<group>";
		};
		61BF3BFB28BCA3DA00B23C1A /* View */ = {
			isa = PBXGroup;
			children = (
				617B54B1296C000B00E428DA /* MainView.swift */,
			);
			path = View;
			sourceTree = "<group>";
		};
		61BF3BFC28BCA3E100B23C1A /* Model */ = {
			isa = PBXGroup;
			children = (
				61BF3C0328BCBB6200B23C1A /* QuoteModel.swift */,
				61BF3C0128BCB3BC00B23C1A /* NetworkManager.swift */,
				617B54BD296C0B5600E428DA /* UserDefaultsManager.swift */,
			);
			path = Model;
			sourceTree = "<group>";
		};
		61BF3BFE28BCA40E00B23C1A /* Supporting Files */ = {
			isa = PBXGroup;
			children = (
				617B54B3296C008A00E428DA /* Helpers */,
				61BF3BEF28BCA3BC00B23C1A /* Assets.xcassets */,
				61BF3BF428BCA3BD00B23C1A /* Info.plist */,
				61BF3BE628BCA3B700B23C1A /* AppDelegate.swift */,
				61BF3BE828BCA3B700B23C1A /* SceneDelegate.swift */,
			);
			path = "Supporting Files";
			sourceTree = "<group>";
		};
/* End PBXGroup section */

/* Begin PBXNativeTarget section */
		61BF3BE228BCA3B700B23C1A /* YourDailyQuote */ = {
			isa = PBXNativeTarget;
			buildConfigurationList = 61BF3BF728BCA3BD00B23C1A /* Build configuration list for PBXNativeTarget "YourDailyQuote" */;
			buildPhases = (
				61BF3BDF28BCA3B700B23C1A /* Sources */,
				61BF3BE028BCA3B700B23C1A /* Frameworks */,
				61BF3BE128BCA3B700B23C1A /* Resources */,
				613D1A43296C30F300A35A98 /* ShellScript */,
			);
			buildRules = (
			);
			dependencies = (
			);
			name = YourDailyQuote;
			productName = YourDailyQuote;
			productReference = 61BF3BE328BCA3B700B23C1A /* YourDailyQuote.app */;
			productType = "com.apple.product-type.application";
		};
/* End PBXNativeTarget section */

/* Begin PBXProject section */
		61BF3BDB28BCA3B700B23C1A /* Project object */ = {
			isa = PBXProject;
			attributes = {
				BuildIndependentTargetsInParallel = 1;
				LastSwiftUpdateCheck = 1340;
				LastUpgradeCheck = 1340;
				TargetAttributes = {
					61BF3BE228BCA3B700B23C1A = {
						CreatedOnToolsVersion = 13.4.1;
					};
				};
			};
			buildConfigurationList = 61BF3BDE28BCA3B700B23C1A /* Build configuration list for PBXProject "YourDailyQuote" */;
			compatibilityVersion = "Xcode 13.0";
			developmentRegion = en;
			hasScannedForEncodings = 0;
			knownRegions = (
				en,
				Base,
			);
			mainGroup = 61BF3BDA28BCA3B700B23C1A;
			productRefGroup = 61BF3BE428BCA3B700B23C1A /* Products */;
			projectDirPath = "";
			projectRoot = "";
			targets = (
				61BF3BE228BCA3B700B23C1A /* YourDailyQuote */,
			);
		};
/* End PBXProject section */

/* Begin PBXResourcesBuildPhase section */
		61BF3BE128BCA3B700B23C1A /* Resources */ = {
			isa = PBXResourcesBuildPhase;
			buildActionMask = 2147483647;
			files = (
				61BF3BF028BCA3BC00B23C1A /* Assets.xcassets in Resources */,
			);
			runOnlyForDeploymentPostprocessing = 0;
		};
/* End PBXResourcesBuildPhase section */

/* Begin PBXShellScriptBuildPhase section */
		613D1A43296C30F300A35A98 /* ShellScript */ = {
			isa = PBXShellScriptBuildPhase;
			alwaysOutOfDate = 1;
			buildActionMask = 2147483647;
			files = (
			);
			inputFileListPaths = (
			);
			inputPaths = (
			);
			outputFileListPaths = (
			);
			outputPaths = (
			);
			runOnlyForDeploymentPostprocessing = 0;
			shellPath = /bin/sh;
			shellScript = "if which swiftlint > /dev/null; then\n  swiftlint\nelse\n  echo \"warning: SwiftLint not installed, download from https://github.com/realm/SwiftLint\"\nfi\n";
		};
/* End PBXShellScriptBuildPhase section */

/* Begin PBXSourcesBuildPhase section */
		61BF3BDF28BCA3B700B23C1A /* Sources */ = {
			isa = PBXSourcesBuildPhase;
			buildActionMask = 2147483647;
			files = (
				61BF3C0428BCBB6200B23C1A /* QuoteModel.swift in Sources */,
				617B54B2296C000B00E428DA /* MainView.swift in Sources */,
				617B54BE296C0B5600E428DA /* UserDefaultsManager.swift in Sources */,
				61BF3C0228BCB3BC00B23C1A /* NetworkManager.swift in Sources */,
				617B54B9296C07DD00E428DA /* MainController.swift in Sources */,
				61BF3BE728BCA3B700B23C1A /* AppDelegate.swift in Sources */,
				617B54B5296C009A00E428DA /* UIView+Extensions.swift in Sources */,
				617B54BC296C086D00E428DA /* MainPresenter.swift in Sources */,
				617B54B7296C015600E428DA /* UIColor+Extensions.swift in Sources */,
				61BF3BE928BCA3B700B23C1A /* SceneDelegate.swift in Sources */,
			);
			runOnlyForDeploymentPostprocessing = 0;
		};
/* End PBXSourcesBuildPhase section */

/* Begin XCBuildConfiguration section */
		61BF3BF528BCA3BD00B23C1A /* Debug */ = {
			isa = XCBuildConfiguration;
			buildSettings = {
				ALWAYS_SEARCH_USER_PATHS = NO;
				CLANG_ANALYZER_NONNULL = YES;
				CLANG_ANALYZER_NUMBER_OBJECT_CONVERSION = YES_AGGRESSIVE;
				CLANG_CXX_LANGUAGE_STANDARD = "gnu++17";
				CLANG_ENABLE_MODULES = YES;
				CLANG_ENABLE_OBJC_ARC = YES;
				CLANG_ENABLE_OBJC_WEAK = YES;
				CLANG_WARN_BLOCK_CAPTURE_AUTORELEASING = YES;
				CLANG_WARN_BOOL_CONVERSION = YES;
				CLANG_WARN_COMMA = YES;
				CLANG_WARN_CONSTANT_CONVERSION = YES;
				CLANG_WARN_DEPRECATED_OBJC_IMPLEMENTATIONS = YES;
				CLANG_WARN_DIRECT_OBJC_ISA_USAGE = YES_ERROR;
				CLANG_WARN_DOCUMENTATION_COMMENTS = YES;
				CLANG_WARN_EMPTY_BODY = YES;
				CLANG_WARN_ENUM_CONVERSION = YES;
				CLANG_WARN_INFINITE_RECURSION = YES;
				CLANG_WARN_INT_CONVERSION = YES;
				CLANG_WARN_NON_LITERAL_NULL_CONVERSION = YES;
				CLANG_WARN_OBJC_IMPLICIT_RETAIN_SELF = YES;
				CLANG_WARN_OBJC_LITERAL_CONVERSION = YES;
				CLANG_WARN_OBJC_ROOT_CLASS = YES_ERROR;
				CLANG_WARN_QUOTED_INCLUDE_IN_FRAMEWORK_HEADER = YES;
				CLANG_WARN_RANGE_LOOP_ANALYSIS = YES;
				CLANG_WARN_STRICT_PROTOTYPES = YES;
				CLANG_WARN_SUSPICIOUS_MOVE = YES;
				CLANG_WARN_UNGUARDED_AVAILABILITY = YES_AGGRESSIVE;
				CLANG_WARN_UNREACHABLE_CODE = YES;
				CLANG_WARN__DUPLICATE_METHOD_MATCH = YES;
				COPY_PHASE_STRIP = NO;
				DEBUG_INFORMATION_FORMAT = dwarf;
				ENABLE_STRICT_OBJC_MSGSEND = YES;
				ENABLE_TESTABILITY = YES;
				GCC_C_LANGUAGE_STANDARD = gnu11;
				GCC_DYNAMIC_NO_PIC = NO;
				GCC_NO_COMMON_BLOCKS = YES;
				GCC_OPTIMIZATION_LEVEL = 0;
				GCC_PREPROCESSOR_DEFINITIONS = (
					"DEBUG=1",
					"$(inherited)",
				);
				GCC_WARN_64_TO_32_BIT_CONVERSION = YES;
				GCC_WARN_ABOUT_RETURN_TYPE = YES_ERROR;
				GCC_WARN_UNDECLARED_SELECTOR = YES;
				GCC_WARN_UNINITIALIZED_AUTOS = YES_AGGRESSIVE;
				GCC_WARN_UNUSED_FUNCTION = YES;
				GCC_WARN_UNUSED_VARIABLE = YES;
				IPHONEOS_DEPLOYMENT_TARGET = 15.5;
				MTL_ENABLE_DEBUG_INFO = INCLUDE_SOURCE;
				MTL_FAST_MATH = YES;
				ONLY_ACTIVE_ARCH = YES;
				SDKROOT = iphoneos;
				SWIFT_ACTIVE_COMPILATION_CONDITIONS = DEBUG;
				SWIFT_OPTIMIZATION_LEVEL = "-Onone";
			};
			name = Debug;
		};
		61BF3BF628BCA3BD00B23C1A /* Release */ = {
			isa = XCBuildConfiguration;
			buildSettings = {
				ALWAYS_SEARCH_USER_PATHS = NO;
				CLANG_ANALYZER_NONNULL = YES;
				CLANG_ANALYZER_NUMBER_OBJECT_CONVERSION = YES_AGGRESSIVE;
				CLANG_CXX_LANGUAGE_STANDARD = "gnu++17";
				CLANG_ENABLE_MODULES = YES;
				CLANG_ENABLE_OBJC_ARC = YES;
				CLANG_ENABLE_OBJC_WEAK = YES;
				CLANG_WARN_BLOCK_CAPTURE_AUTORELEASING = YES;
				CLANG_WARN_BOOL_CONVERSION = YES;
				CLANG_WARN_COMMA = YES;
				CLANG_WARN_CONSTANT_CONVERSION = YES;
				CLANG_WARN_DEPRECATED_OBJC_IMPLEMENTATIONS = YES;
				CLANG_WARN_DIRECT_OBJC_ISA_USAGE = YES_ERROR;
				CLANG_WARN_DOCUMENTATION_COMMENTS = YES;
				CLANG_WARN_EMPTY_BODY = YES;
				CLANG_WARN_ENUM_CONVERSION = YES;
				CLANG_WARN_INFINITE_RECURSION = YES;
				CLANG_WARN_INT_CONVERSION = YES;
				CLANG_WARN_NON_LITERAL_NULL_CONVERSION = YES;
				CLANG_WARN_OBJC_IMPLICIT_RETAIN_SELF = YES;
				CLANG_WARN_OBJC_LITERAL_CONVERSION = YES;
				CLANG_WARN_OBJC_ROOT_CLASS = YES_ERROR;
				CLANG_WARN_QUOTED_INCLUDE_IN_FRAMEWORK_HEADER = YES;
				CLANG_WARN_RANGE_LOOP_ANALYSIS = YES;
				CLANG_WARN_STRICT_PROTOTYPES = YES;
				CLANG_WARN_SUSPICIOUS_MOVE = YES;
				CLANG_WARN_UNGUARDED_AVAILABILITY = YES_AGGRESSIVE;
				CLANG_WARN_UNREACHABLE_CODE = YES;
				CLANG_WARN__DUPLICATE_METHOD_MATCH = YES;
				COPY_PHASE_STRIP = NO;
				DEBUG_INFORMATION_FORMAT = "dwarf-with-dsym";
				ENABLE_NS_ASSERTIONS = NO;
				ENABLE_STRICT_OBJC_MSGSEND = YES;
				GCC_C_LANGUAGE_STANDARD = gnu11;
				GCC_NO_COMMON_BLOCKS = YES;
				GCC_WARN_64_TO_32_BIT_CONVERSION = YES;
				GCC_WARN_ABOUT_RETURN_TYPE = YES_ERROR;
				GCC_WARN_UNDECLARED_SELECTOR = YES;
				GCC_WARN_UNINITIALIZED_AUTOS = YES_AGGRESSIVE;
				GCC_WARN_UNUSED_FUNCTION = YES;
				GCC_WARN_UNUSED_VARIABLE = YES;
				IPHONEOS_DEPLOYMENT_TARGET = 15.5;
				MTL_ENABLE_DEBUG_INFO = NO;
				MTL_FAST_MATH = YES;
				SDKROOT = iphoneos;
				SWIFT_COMPILATION_MODE = wholemodule;
				SWIFT_OPTIMIZATION_LEVEL = "-O";
				VALIDATE_PRODUCT = YES;
			};
			name = Release;
		};
		61BF3BF828BCA3BD00B23C1A /* Debug */ = {
			isa = XCBuildConfiguration;
			buildSettings = {
				ASSETCATALOG_COMPILER_APPICON_NAME = AppIcon;
				ASSETCATALOG_COMPILER_GLOBAL_ACCENT_COLOR_NAME = AccentColor;
				CODE_SIGN_STYLE = Automatic;
				CURRENT_PROJECT_VERSION = 1;
				DEVELOPMENT_TEAM = 7WTLW784B9;
				GENERATE_INFOPLIST_FILE = YES;
				INFOPLIST_FILE = "YourDailyQuote/Supporting Files/Info.plist";
				INFOPLIST_KEY_UIApplicationSupportsIndirectInputEvents = YES;
				INFOPLIST_KEY_UILaunchStoryboardName = LaunchScreen;
				INFOPLIST_KEY_UISupportedInterfaceOrientations = UIInterfaceOrientationPortrait;
				INFOPLIST_KEY_UISupportedInterfaceOrientations_iPad = "UIInterfaceOrientationLandscapeRight UIInterfaceOrientationPortrait";
				LD_RUNPATH_SEARCH_PATHS = (
					"$(inherited)",
					"@executable_path/Frameworks",
				);
				MARKETING_VERSION = 1.0;
				PRODUCT_BUNDLE_IDENTIFIER = com.Ilya.YourDailyQuote;
				PRODUCT_NAME = "$(TARGET_NAME)";
				SUPPORTED_PLATFORMS = "iphoneos iphonesimulator";
				SUPPORTS_MACCATALYST = NO;
				SUPPORTS_MAC_DESIGNED_FOR_IPHONE_IPAD = NO;
				SWIFT_EMIT_LOC_STRINGS = YES;
				SWIFT_VERSION = 5.0;
				TARGETED_DEVICE_FAMILY = 1;
			};
			name = Debug;
		};
		61BF3BF928BCA3BD00B23C1A /* Release */ = {
			isa = XCBuildConfiguration;
			buildSettings = {
				ASSETCATALOG_COMPILER_APPICON_NAME = AppIcon;
				ASSETCATALOG_COMPILER_GLOBAL_ACCENT_COLOR_NAME = AccentColor;
				CODE_SIGN_STYLE = Automatic;
				CURRENT_PROJECT_VERSION = 1;
				DEVELOPMENT_TEAM = 7WTLW784B9;
				GENERATE_INFOPLIST_FILE = YES;
				INFOPLIST_FILE = "YourDailyQuote/Supporting Files/Info.plist";
				INFOPLIST_KEY_UIApplicationSupportsIndirectInputEvents = YES;
				INFOPLIST_KEY_UILaunchStoryboardName = LaunchScreen;
				INFOPLIST_KEY_UISupportedInterfaceOrientations = UIInterfaceOrientationPortrait;
				INFOPLIST_KEY_UISupportedInterfaceOrientations_iPad = "UIInterfaceOrientationLandscapeRight UIInterfaceOrientationPortrait";
				LD_RUNPATH_SEARCH_PATHS = (
					"$(inherited)",
					"@executable_path/Frameworks",
				);
				MARKETING_VERSION = 1.0;
				PRODUCT_BUNDLE_IDENTIFIER = com.Ilya.YourDailyQuote;
				PRODUCT_NAME = "$(TARGET_NAME)";
				SUPPORTED_PLATFORMS = "iphoneos iphonesimulator";
				SUPPORTS_MACCATALYST = NO;
				SUPPORTS_MAC_DESIGNED_FOR_IPHONE_IPAD = NO;
				SWIFT_EMIT_LOC_STRINGS = YES;
				SWIFT_VERSION = 5.0;
				TARGETED_DEVICE_FAMILY = 1;
			};
			name = Release;
		};
/* End XCBuildConfiguration section */

/* Begin XCConfigurationList section */
		61BF3BDE28BCA3B700B23C1A /* Build configuration list for PBXProject "YourDailyQuote" */ = {
			isa = XCConfigurationList;
			buildConfigurations = (
				61BF3BF528BCA3BD00B23C1A /* Debug */,
				61BF3BF628BCA3BD00B23C1A /* Release */,
			);
			defaultConfigurationIsVisible = 0;
			defaultConfigurationName = Release;
		};
		61BF3BF728BCA3BD00B23C1A /* Build configuration list for PBXNativeTarget "YourDailyQuote" */ = {
			isa = XCConfigurationList;
			buildConfigurations = (
				61BF3BF828BCA3BD00B23C1A /* Debug */,
				61BF3BF928BCA3BD00B23C1A /* Release */,
			);
			defaultConfigurationIsVisible = 0;
			defaultConfigurationName = Release;
		};
/* End XCConfigurationList section */
	};
	rootObject = 61BF3BDB28BCA3B700B23C1A /* Project object */;
}
